
Microsoft Visual Studio Solution File, Format Version 12.00
# Visual Studio Version 16
VisualStudioVersion = 16.0.32602.291
MinimumVisualStudioVersion = 10.0.40219.1
Project("{FAE04EC0-301F-11D3-BF4B-00C04F79EFBC}") = "Pruebas", "Pruebas\Pruebas.csproj", "{B3FD7695-DC4F-4064-8679-40E8ED36F5B9}"
EndProject
Global
	GlobalSection(SolutionConfigurationPlatforms) = preSolution
		Debug|Any CPU = Debug|Any CPU
		Release|Any CPU = Release|Any CPU
	EndGlobalSection
	GlobalSection(ProjectConfigurationPlatforms) = postSolution
		{B3FD7695-DC4F-4064-8679-40E8ED36F5B9}.Debug|Any CPU.ActiveCfg = Debug|Any CPU
		{B3FD7695-DC4F-4064-8679-40E8ED36F5B9}.Debug|Any CPU.Build.0 = Debug|Any CPU
		{B3FD7695-DC4F-4064-8679-40E8ED36F5B9}.Release|Any CPU.ActiveCfg = Release|Any CPU
		{B3FD7695-DC4F-4064-8679-40E8ED36F5B9}.Release|Any CPU.Build.0 = Release|Any CPU
	EndGlobalSection
	GlobalSection(SolutionProperties) = preSolution
		HideSolutionNode = FALSE
	EndGlobalSection
	GlobalSection(ExtensibilityGlobals) = postSolution
		SolutionGuid = {5AEBEBDE-F30E-405D-AEAB-0C1A3B478B3F}
	EndGlobalSection
EndGlobal
